// !$*UTF8*$!
{
	archiveVersion = 1;
	classes = {
	};
	objectVersion = 46;
	objects = {

/* Begin PBXBuildFile section */
		232050521E8AA98F0056161F /* AppDelegate.swift in Sources */ = {isa = PBXBuildFile; fileRef = 232050511E8AA98F0056161F /* AppDelegate.swift */; };
		232050541E8AA98F0056161F /* ViewController.swift in Sources */ = {isa = PBXBuildFile; fileRef = 232050531E8AA98F0056161F /* ViewController.swift */; };
		232050571E8AA98F0056161F /* Main.storyboard in Resources */ = {isa = PBXBuildFile; fileRef = 232050551E8AA98F0056161F /* Main.storyboard */; };
		232050591E8AA98F0056161F /* Assets.xcassets in Resources */ = {isa = PBXBuildFile; fileRef = 232050581E8AA98F0056161F /* Assets.xcassets */; };
		2320505C1E8AA98F0056161F /* LaunchScreen.storyboard in Resources */ = {isa = PBXBuildFile; fileRef = 2320505A1E8AA98F0056161F /* LaunchScreen.storyboard */; };
/* End PBXBuildFile section */

/* Begin PBXFileReference section */
		2320504E1E8AA98F0056161F /* Scrolling.app */ = {isa = PBXFileReference; explicitFileType = wrapper.application; includeInIndex = 0; path = Scrolling.app; sourceTree = BUILT_PRODUCTS_DIR; };
		232050511E8AA98F0056161F /* AppDelegate.swift */ = {isa = PBXFileReference; lastKnownFileType = sourcecode.swift; path = AppDelegate.swift; sourceTree = "<group>"; };
		232050531E8AA98F0056161F /* ViewController.swift */ = {isa = PBXFileReference; lastKnownFileType = sourcecode.swift; path = ViewController.swift; sourceTree = "<group>"; };
		232050561E8AA98F0056161F /* Base */ = {isa = PBXFileReference; lastKnownFileType = file.storyboard; name = Base; path = Base.lproj/Main.storyboard; sourceTree = "<group>"; };
		232050581E8AA98F0056161F /* Assets.xcassets */ = {isa = PBXFileReference; lastKnownFileType = folder.assetcatalog; path = Assets.xcassets; sourceTree = "<group>"; };
		2320505B1E8AA98F0056161F /* Base */ = {isa = PBXFileReference; lastKnownFileType = file.storyboard; name = Base; path = Base.lproj/LaunchScreen.storyboard; sourceTree = "<group>"; };
		2320505D1E8AA98F0056161F /* Info.plist */ = {isa = PBXFileReference; lastKnownFileType = text.plist.xml; path = Info.plist; sourceTree = "<group>"; };
/* End PBXFileReference section */

/* Begin PBXFrameworksBuildPhase section */
		2320504B1E8AA98F0056161F /* Frameworks */ = {
			isa = PBXFrameworksBuildPhase;
			buildActionMask = 2147483647;
			files = (
			);
			runOnlyForDeploymentPostprocessing = 0;
		};
/* End PBXFrameworksBuildPhase section */

/* Begin PBXGroup section */
		232050451E8AA98F0056161F = {
			isa = PBXGroup;
			children = (
				232050501E8AA98F0056161F /* Scrolling */,
				2320504F1E8AA98F0056161F /* Products */,
			);
			sourceTree = "<group>";
		};
		2320504F1E8AA98F0056161F /* Products */ = {
			isa = PBXGroup;
			children = (
				2320504E1E8AA98F0056161F /* Scrolling.app */,
			);
			name = Products;
			sourceTree = "<group>";
		};
		232050501E8AA98F0056161F /* Scrolling */ = {
			isa = PBXGroup;
			children = (
				232050511E8AA98F0056161F /* AppDelegate.swift */,
				232050531E8AA98F0056161F /* ViewController.swift */,
				232050551E8AA98F0056161F /* Main.storyboard */,
				232050581E8AA98F0056161F /* Assets.xcassets */,
				2320505A1E8AA98F0056161F /* LaunchScreen.storyboard */,
				2320505D1E8AA98F0056161F /* Info.plist */,
			);
			path = Scrolling;
			sourceTree = "<group>";
		};
/* End PBXGroup section */

/* Begin PBXNativeTarget section */
		2320504D1E8AA98F0056161F /* Scrolling */ = {
			isa = PBXNativeTarget;
			buildConfigurationList = 232050601E8AA98F0056161F /* Build configuration list for PBXNativeTarget "Scrolling" */;
			buildPhases = (
				2320504A1E8AA98F0056161F /* Sources */,
				2320504B1E8AA98F0056161F /* Frameworks */,
				2320504C1E8AA98F0056161F /* Resources */,
			);
			buildRules = (
			);
			dependencies = (
			);
			name = Scrolling;
			productName = Scrolling;
			productReference = 2320504E1E8AA98F0056161F /* Scrolling.app */;
			productType = "com.apple.product-type.application";
		};
/* End PBXNativeTarget section */

/* Begin PBXProject section */
		232050461E8AA98F0056161F /* Project object */ = {
			isa = PBXProject;
			attributes = {
				LastSwiftUpdateCheck = 0820;
				LastUpgradeCheck = 0820;
				ORGANIZATIONNAME = "Marni Brewster";
				TargetAttributes = {
					2320504D1E8AA98F0056161F = {
						CreatedOnToolsVersion = 8.2.1;
						DevelopmentTeam = PN22GP8M56;
						ProvisioningStyle = Automatic;
					};
				};
			};
			buildConfigurationList = 232050491E8AA98F0056161F /* Build configuration list for PBXProject "Scrolling" */;
			compatibilityVersion = "Xcode 3.2";
			developmentRegion = English;
			hasScannedForEncodings = 0;
			knownRegions = (
				en,
				Base,
			);
			mainGroup = 232050451E8AA98F0056161F;
			productRefGroup = 2320504F1E8AA98F0056161F /* Products */;
			projectDirPath = "";
			projectRoot = "";
			targets = (
				2320504D1E8AA98F0056161F /* Scrolling */,
			);
		};
/* End PBXProject section */

/* Begin PBXResourcesBuildPhase section */
		2320504C1E8AA98F0056161F /* Resources */ = {
			isa = PBXResourcesBuildPhase;
			buildActionMask = 2147483647;
			files = (
				2320505C1E8AA98F0056161F /* LaunchScreen.storyboard in Resources */,
				232050591E8AA98F0056161F /* Assets.xcassets in Resources */,
				232050571E8AA98F0056161F /* Main.storyboard in Resources */,
			);
			runOnlyForDeploymentPostprocessing = 0;
		};
/* End PBXResourcesBuildPhase section */

/* Begin PBXSourcesBuildPhase section */
		2320504A1E8AA98F0056161F /* Sources */ = {
			isa = PBXSourcesBuildPhase;
			buildActionMask = 2147483647;
			files = (
				232050541E8AA98F0056161F /* ViewController.swift in Sources */,
				232050521E8AA98F0056161F /* AppDelegate.swift in Sources */,
			);
			runOnlyForDeploymentPostprocessing = 0;
		};
/* End PBXSourcesBuildPhase section */

/* Begin PBXVariantGroup section */
		232050551E8AA98F0056161F /* Main.storyboard */ = {
			isa = PBXVariantGroup;
			children = (
				232050561E8AA98F0056161F /* Base */,
			);
			name = Main.storyboard;
			sourceTree = "<group>";
		};
		2320505A1E8AA98F0056161F /* LaunchScreen.storyboard */ = {
			isa = PBXVariantGroup;
			children = (
				2320505B1E8AA98F0056161F /* Base */,
			);
			name = LaunchScreen.storyboard;
			sourceTree = "<group>";
		};
/* End PBXVariantGroup section */

/* Begin XCBuildConfiguration section */
		2320505E1E8AA98F0056161F /* Debug */ = {
			isa = XCBuildConfiguration;
			buildSettings = {
				ALWAYS_SEARCH_USER_PATHS = NO;
				CLANG_ANALYZER_NONNULL = YES;
				CLANG_CXX_LANGUAGE_STANDARD = "gnu++0x";
				CLANG_CXX_LIBRARY = "libc++";
				CLANG_ENABLE_MODULES = YES;
				CLANG_ENABLE_OBJC_ARC = YES;
				CLANG_WARN_BOOL_CONVERSION = YES;
				CLANG_WARN_CONSTANT_CONVERSION = YES;
				CLANG_WARN_DIRECT_OBJC_ISA_USAGE = YES_ERROR;
				CLANG_WARN_DOCUMENTATION_COMMENTS = YES;
				CLANG_WARN_EMPTY_BODY = YES;
				CLANG_WARN_ENUM_CONVERSION = YES;
				CLANG_WARN_INFINITE_RECURSION = YES;
				CLANG_WARN_INT_CONVERSION = YES;
				CLANG_WARN_OBJC_ROOT_CLASS = YES_ERROR;
				CLANG_WARN_SUSPICIOUS_MOVE = YES;
				CLANG_WARN_UNREACHABLE_CODE = YES;
				CLANG_WARN__DUPLICATE_METHOD_MATCH = YES;
				"CODE_SIGN_IDENTITY[sdk=iphoneos*]" = "iPhone Developer";
				COPY_PHASE_STRIP = NO;
				DEBUG_INFORMATION_FORMAT = dwarf;
				ENABLE_STRICT_OBJC_MSGSEND = YES;
				ENABLE_TESTABILITY = YES;
				GCC_C_LANGUAGE_STANDARD = gnu99;
				GCC_DYNAMIC_NO_PIC = NO;
				GCC_NO_COMMON_BLOCKS = YES;
				GCC_OPTIMIZATION_LEVEL = 0;
				GCC_PREPROCESSOR_DEFINITIONS = (
					"DEBUG=1",
					"$(inherited)",
				);
				GCC_WARN_64_TO_32_BIT_CONVERSION = YES;
				GCC_WARN_ABOUT_RETURN_TYPE = YES_ERROR;
				GCC_WARN_UNDECLARED_SELECTOR = YES;
				GCC_WARN_UNINITIALIZED_AUTOS = YES_AGGRESSIVE;
				GCC_WARN_UNUSED_FUNCTION = YES;
				GCC_WARN_UNUSED_VARIABLE = YES;
				IPHONEOS_DEPLOYMENT_TARGET = 10.2;
				MTL_ENABLE_DEBUG_INFO = YES;
				ONLY_ACTIVE_ARCH = YES;
				SDKROOT = iphoneos;
				SWIFT_ACTIVE_COMPILATION_CONDITIONS = DEBUG;
				SWIFT_OPTIMIZATION_LEVEL = "-Onone";
				TARGETED_DEVICE_FAMILY = "1,2";
			};
			name = Debug;
		};
		2320505F1E8AA98F0056161F /* Release */ = {
			isa = XCBuildConfiguration;
			buildSettings = {
				ALWAYS_SEARCH_USER_PATHS = NO;
				CLANG_ANALYZER_NONNULL = YES;
				CLANG_CXX_LANGUAGE_STANDARD = "gnu++0x";
				CLANG_CXX_LIBRARY = "libc++";
				CLANG_ENABLE_MODULES = YES;
				CLANG_ENABLE_OBJC_ARC = YES;
				CLANG_WARN_BOOL_CONVERSION = YES;
				CLANG_WARN_CONSTANT_CONVERSION = YES;
				CLANG_WARN_DIRECT_OBJC_ISA_USAGE = YES_ERROR;
				CLANG_WARN_DOCUMENTATION_COMMENTS = YES;
				CLANG_WARN_EMPTY_BODY = YES;
				CLANG_WARN_ENUM_CONVERSION = YES;
				CLANG_WARN_INFINITE_RECURSION = YES;
				CLANG_WARN_INT_CONVERSION = YES;
				CLANG_WARN_OBJC_ROOT_CLASS = YES_ERROR;
				CLANG_WARN_SUSPICIOUS_MOVE = YES;
				CLANG_WARN_UNREACHABLE_CODE = YES;
				CLANG_WARN__DUPLICATE_METHOD_MATCH = YES;
				"CODE_SIGN_IDENTITY[sdk=iphoneos*]" = "iPhone Developer";
				COPY_PHASE_STRIP = NO;
				DEBUG_INFORMATION_FORMAT = "dwarf-with-dsym";
				ENABLE_NS_ASSERTIONS = NO;
				ENABLE_STRICT_OBJC_MSGSEND = YES;
				GCC_C_LANGUAGE_STANDARD = gnu99;
				GCC_NO_COMMON_BLOCKS = YES;
				GCC_WARN_64_TO_32_BIT_CONVERSION = YES;
				GCC_WARN_ABOUT_RETURN_TYPE = YES_ERROR;
				GCC_WARN_UNDECLARED_SELECTOR = YES;
				GCC_WARN_UNINITIALIZED_AUTOS = YES_AGGRESSIVE;
				GCC_WARN_UNUSED_FUNCTION = YES;
				GCC_WARN_UNUSED_VARIABLE = YES;
				IPHONEOS_DEPLOYMENT_TARGET = 10.2;
				MTL_ENABLE_DEBUG_INFO = NO;
				SDKROOT = iphoneos;
				SWIFT_OPTIMIZATION_LEVEL = "-Owholemodule";
				TARGETED_DEVICE_FAMILY = "1,2";
				VALIDATE_PRODUCT = YES;
			};
			name = Release;
		};
		232050611E8AA98F0056161F /* Debug */ = {
			isa = XCBuildConfiguration;
			buildSettings = {
				ASSETCATALOG_COMPILER_APPICON_NAME = AppIcon;
				DEVELOPMENT_TEAM = PN22GP8M56;
				INFOPLIST_FILE = Scrolling/Info.plist;
				LD_RUNPATH_SEARCH_PATHS = "$(inherited) @executable_path/Frameworks";
				PRODUCT_BUNDLE_IDENTIFIER = com.marnibuilds.Scrolling;
				PRODUCT_NAME = "$(TARGET_NAME)";
				SWIFT_VERSION = 3.0;
			};
			name = Debug;
		};
		232050621E8AA98F0056161F /* Release */ = {
			isa = XCBuildConfiguration;
			buildSettings = {
				ASSETCATALOG_COMPILER_APPICON_NAME = AppIcon;
				DEVELOPMENT_TEAM = PN22GP8M56;
				INFOPLIST_FILE = Scrolling/Info.plist;
				LD_RUNPATH_SEARCH_PATHS = "$(inherited) @executable_path/Frameworks";
				PRODUCT_BUNDLE_IDENTIFIER = com.marnibuilds.Scrolling;
				PRODUCT_NAME = "$(TARGET_NAME)";
				SWIFT_VERSION = 3.0;
			};
			name = Release;
		};
/* End XCBuildConfiguration section */

/* Begin XCConfigurationList section */
		232050491E8AA98F0056161F /* Build configuration list for PBXProject "Scrolling" */ = {
			isa = XCConfigurationList;
			buildConfigurations = (
				2320505E1E8AA98F0056161F /* Debug */,
				2320505F1E8AA98F0056161F /* Release */,
			);
			defaultConfigurationIsVisible = 0;
			defaultConfigurationName = Release;
		};
		232050601E8AA98F0056161F /* Build configuration list for PBXNativeTarget "Scrolling" */ = {
			isa = XCConfigurationList;
			buildConfigurations = (
				232050611E8AA98F0056161F /* Debug */,
				232050621E8AA98F0056161F /* Release */,
			);
			defaultConfigurationIsVisible = 0;
		};
/* End XCConfigurationList section */
	};
	rootObject = 232050461E8AA98F0056161F /* Project object */;
}
